// !$*UTF8*$!
{
	archiveVersion = 1;
	classes = {
	};
	objectVersion = 51;
	objects = {

/* Begin PBXBuildFile section */
		019A9BDF9B190DDDF6826D93 /* Pods_DinDinnFoodDeleveryTests.framework in Frameworks */ = {isa = PBXBuildFile; fileRef = 757EBE7403D2FC782AC9EABE /* Pods_DinDinnFoodDeleveryTests.framework */; };
		A0342A95252F5001008E7F47 /* AppDelegate.swift in Sources */ = {isa = PBXBuildFile; fileRef = A0342A94252F5001008E7F47 /* AppDelegate.swift */; };
		A0342A9E252F5005008E7F47 /* Assets.xcassets in Resources */ = {isa = PBXBuildFile; fileRef = A0342A9D252F5005008E7F47 /* Assets.xcassets */; };
		A0342AA1252F5005008E7F47 /* LaunchScreen.storyboard in Resources */ = {isa = PBXBuildFile; fileRef = A0342A9F252F5005008E7F47 /* LaunchScreen.storyboard */; };
		A0342AAC252F5005008E7F47 /* DinDinnFoodDeleveryTests.swift in Sources */ = {isa = PBXBuildFile; fileRef = A0342AAB252F5005008E7F47 /* DinDinnFoodDeleveryTests.swift */; };
		A0342AB7252F5005008E7F47 /* DinDinnFoodDeleveryUITests.swift in Sources */ = {isa = PBXBuildFile; fileRef = A0342AB6252F5005008E7F47 /* DinDinnFoodDeleveryUITests.swift */; };
		A0342ACA252F5933008E7F47 /* HomeViewController.xib in Resources */ = {isa = PBXBuildFile; fileRef = A0342AC8252F5933008E7F47 /* HomeViewController.xib */; };
		A0342ACB252F5933008E7F47 /* HomeViewController.swift in Sources */ = {isa = PBXBuildFile; fileRef = A0342AC9252F5933008E7F47 /* HomeViewController.swift */; };
		A0342ACD252F5EFB008E7F47 /* HomeConfigurator.swift in Sources */ = {isa = PBXBuildFile; fileRef = A0342ACC252F5EFB008E7F47 /* HomeConfigurator.swift */; };
		A0342ACF252F5F61008E7F47 /* HomeScreenPresenter.swift in Sources */ = {isa = PBXBuildFile; fileRef = A0342ACE252F5F61008E7F47 /* HomeScreenPresenter.swift */; };
		A0342AD1252F5F94008E7F47 /* HomeScreenRouter.swift in Sources */ = {isa = PBXBuildFile; fileRef = A0342AD0252F5F94008E7F47 /* HomeScreenRouter.swift */; };
		A0342AD3252F641D008E7F47 /* HomeScreenInteractor.swift in Sources */ = {isa = PBXBuildFile; fileRef = A0342AD2252F641D008E7F47 /* HomeScreenInteractor.swift */; };
		A0342AD5252F6E23008E7F47 /* HomeEndPoint.swift in Sources */ = {isa = PBXBuildFile; fileRef = A0342AD4252F6E23008E7F47 /* HomeEndPoint.swift */; };
		A0342AD7252F6E98008E7F47 /* MoyaHomeEndpoint.swift in Sources */ = {isa = PBXBuildFile; fileRef = A0342AD6252F6E98008E7F47 /* MoyaHomeEndpoint.swift */; };
		A0342AD9252F7030008E7F47 /* HomeScreeanDataSource.swift in Sources */ = {isa = PBXBuildFile; fileRef = A0342AD8252F7030008E7F47 /* HomeScreeanDataSource.swift */; };
		A0342AE2252F7C29008E7F47 /* DefaultHomeScreenPresenter.swift in Sources */ = {isa = PBXBuildFile; fileRef = A0342AE1252F7C29008E7F47 /* DefaultHomeScreenPresenter.swift */; };
		A0342AE6252F7C86008E7F47 /* HomeScreenState.swift in Sources */ = {isa = PBXBuildFile; fileRef = A0342AE5252F7C86008E7F47 /* HomeScreenState.swift */; };
		A0342AE8252F7CA0008E7F47 /* HomeScreenData.swift in Sources */ = {isa = PBXBuildFile; fileRef = A0342AE7252F7CA0008E7F47 /* HomeScreenData.swift */; };
		A0342AEB252F7D0C008E7F47 /* DefaultHomeScreenRouter.swift in Sources */ = {isa = PBXBuildFile; fileRef = A0342AEA252F7D0C008E7F47 /* DefaultHomeScreenRouter.swift */; };
		A0342AED252F7D28008E7F47 /* DefaultHomeConfigurator.swift in Sources */ = {isa = PBXBuildFile; fileRef = A0342AEC252F7D28008E7F47 /* DefaultHomeConfigurator.swift */; };
		A0342AEF252F7D55008E7F47 /* MockHomeDataSource.swift in Sources */ = {isa = PBXBuildFile; fileRef = A0342AEE252F7D55008E7F47 /* MockHomeDataSource.swift */; };
		A0342AF1252F7D7D008E7F47 /* HomeData.swift in Sources */ = {isa = PBXBuildFile; fileRef = A0342AF0252F7D7D008E7F47 /* HomeData.swift */; };
		A0342AF3252F7DA5008E7F47 /* DefaultHomeDataSource.swift in Sources */ = {isa = PBXBuildFile; fileRef = A0342AF2252F7DA5008E7F47 /* DefaultHomeDataSource.swift */; };
		A0C84500252F8B9B008234F6 /* ItemUITablViewCell.swift in Sources */ = {isa = PBXBuildFile; fileRef = A0C844FE252F8B9B008234F6 /* ItemUITablViewCell.swift */; };
		A0C84501252F8B9B008234F6 /* ItemUITablViewCell.xib in Resources */ = {isa = PBXBuildFile; fileRef = A0C844FF252F8B9B008234F6 /* ItemUITablViewCell.xib */; };
		A0C84505252F9AF8008234F6 /* HeaderView.swift in Sources */ = {isa = PBXBuildFile; fileRef = A0C84504252F9AF8008234F6 /* HeaderView.swift */; };
		A0C84507252F9B08008234F6 /* HeaderView.xib in Resources */ = {isa = PBXBuildFile; fileRef = A0C84506252F9B08008234F6 /* HeaderView.xib */; };
		A0C8450B252FA0F8008234F6 /* CategoriesHeaderView.xib in Resources */ = {isa = PBXBuildFile; fileRef = A0C8450A252FA0F8008234F6 /* CategoriesHeaderView.xib */; };
		A0C8450D252FA10D008234F6 /* CategoriesHeaderView.swift in Sources */ = {isa = PBXBuildFile; fileRef = A0C8450C252FA10D008234F6 /* CategoriesHeaderView.swift */; };
		DBAC6F9DE1BD0B78F7005958 /* Pods_DinDinnFoodDelevery_DinDinnFoodDeleveryUITests.framework in Frameworks */ = {isa = PBXBuildFile; fileRef = A1915DF93A8F66C925D93E03 /* Pods_DinDinnFoodDelevery_DinDinnFoodDeleveryUITests.framework */; };
		F25478184355C81AF7BE7D38 /* Pods_DinDinnFoodDelevery.framework in Frameworks */ = {isa = PBXBuildFile; fileRef = 58C90A968FA8C4D2E2756C91 /* Pods_DinDinnFoodDelevery.framework */; };
/* End PBXBuildFile section */

/* Begin PBXContainerItemProxy section */
		A0342AA8252F5005008E7F47 /* PBXContainerItemProxy */ = {
			isa = PBXContainerItemProxy;
			containerPortal = A0342A89252F5001008E7F47 /* Project object */;
			proxyType = 1;
			remoteGlobalIDString = A0342A90252F5001008E7F47;
			remoteInfo = DinDinnFoodDelevery;
		};
		A0342AB3252F5005008E7F47 /* PBXContainerItemProxy */ = {
			isa = PBXContainerItemProxy;
			containerPortal = A0342A89252F5001008E7F47 /* Project object */;
			proxyType = 1;
			remoteGlobalIDString = A0342A90252F5001008E7F47;
			remoteInfo = DinDinnFoodDelevery;
		};
/* End PBXContainerItemProxy section */

/* Begin PBXFileReference section */
		0659EC92760AF5BB18115560 /* Pods-DinDinnFoodDelevery.debug.xcconfig */ = {isa = PBXFileReference; includeInIndex = 1; lastKnownFileType = text.xcconfig; name = "Pods-DinDinnFoodDelevery.debug.xcconfig"; path = "Target Support Files/Pods-DinDinnFoodDelevery/Pods-DinDinnFoodDelevery.debug.xcconfig"; sourceTree = "<group>"; };
		1948F34B0C7245C9E2A1E229 /* Pods-DinDinnFoodDelevery-DinDinnFoodDeleveryUITests.release.xcconfig */ = {isa = PBXFileReference; includeInIndex = 1; lastKnownFileType = text.xcconfig; name = "Pods-DinDinnFoodDelevery-DinDinnFoodDeleveryUITests.release.xcconfig"; path = "Target Support Files/Pods-DinDinnFoodDelevery-DinDinnFoodDeleveryUITests/Pods-DinDinnFoodDelevery-DinDinnFoodDeleveryUITests.release.xcconfig"; sourceTree = "<group>"; };
		58C90A968FA8C4D2E2756C91 /* Pods_DinDinnFoodDelevery.framework */ = {isa = PBXFileReference; explicitFileType = wrapper.framework; includeInIndex = 0; path = Pods_DinDinnFoodDelevery.framework; sourceTree = BUILT_PRODUCTS_DIR; };
		757EBE7403D2FC782AC9EABE /* Pods_DinDinnFoodDeleveryTests.framework */ = {isa = PBXFileReference; explicitFileType = wrapper.framework; includeInIndex = 0; path = Pods_DinDinnFoodDeleveryTests.framework; sourceTree = BUILT_PRODUCTS_DIR; };
		88B63DBFB43CEA3DE8971A12 /* Pods-DinDinnFoodDelevery-DinDinnFoodDeleveryUITests.debug.xcconfig */ = {isa = PBXFileReference; includeInIndex = 1; lastKnownFileType = text.xcconfig; name = "Pods-DinDinnFoodDelevery-DinDinnFoodDeleveryUITests.debug.xcconfig"; path = "Target Support Files/Pods-DinDinnFoodDelevery-DinDinnFoodDeleveryUITests/Pods-DinDinnFoodDelevery-DinDinnFoodDeleveryUITests.debug.xcconfig"; sourceTree = "<group>"; };
		92B949CD13E67F8A6688CE8C /* Pods-DinDinnFoodDelevery.release.xcconfig */ = {isa = PBXFileReference; includeInIndex = 1; lastKnownFileType = text.xcconfig; name = "Pods-DinDinnFoodDelevery.release.xcconfig"; path = "Target Support Files/Pods-DinDinnFoodDelevery/Pods-DinDinnFoodDelevery.release.xcconfig"; sourceTree = "<group>"; };
		9552B8246D10F8BDF7B4029D /* Pods-DinDinnFoodDeleveryTests.debug.xcconfig */ = {isa = PBXFileReference; includeInIndex = 1; lastKnownFileType = text.xcconfig; name = "Pods-DinDinnFoodDeleveryTests.debug.xcconfig"; path = "Target Support Files/Pods-DinDinnFoodDeleveryTests/Pods-DinDinnFoodDeleveryTests.debug.xcconfig"; sourceTree = "<group>"; };
		A0342A91252F5001008E7F47 /* DinDinnFoodDelevery.app */ = {isa = PBXFileReference; explicitFileType = wrapper.application; includeInIndex = 0; path = DinDinnFoodDelevery.app; sourceTree = BUILT_PRODUCTS_DIR; };
		A0342A94252F5001008E7F47 /* AppDelegate.swift */ = {isa = PBXFileReference; lastKnownFileType = sourcecode.swift; path = AppDelegate.swift; sourceTree = "<group>"; };
		A0342A9D252F5005008E7F47 /* Assets.xcassets */ = {isa = PBXFileReference; lastKnownFileType = folder.assetcatalog; path = Assets.xcassets; sourceTree = "<group>"; };
		A0342AA0252F5005008E7F47 /* Base */ = {isa = PBXFileReference; lastKnownFileType = file.storyboard; name = Base; path = Base.lproj/LaunchScreen.storyboard; sourceTree = "<group>"; };
		A0342AA2252F5005008E7F47 /* Info.plist */ = {isa = PBXFileReference; lastKnownFileType = text.plist.xml; path = Info.plist; sourceTree = "<group>"; };
		A0342AA7252F5005008E7F47 /* DinDinnFoodDeleveryTests.xctest */ = {isa = PBXFileReference; explicitFileType = wrapper.cfbundle; includeInIndex = 0; path = DinDinnFoodDeleveryTests.xctest; sourceTree = BUILT_PRODUCTS_DIR; };
		A0342AAB252F5005008E7F47 /* DinDinnFoodDeleveryTests.swift */ = {isa = PBXFileReference; lastKnownFileType = sourcecode.swift; path = DinDinnFoodDeleveryTests.swift; sourceTree = "<group>"; };
		A0342AAD252F5005008E7F47 /* Info.plist */ = {isa = PBXFileReference; lastKnownFileType = text.plist.xml; path = Info.plist; sourceTree = "<group>"; };
		A0342AB2252F5005008E7F47 /* DinDinnFoodDeleveryUITests.xctest */ = {isa = PBXFileReference; explicitFileType = wrapper.cfbundle; includeInIndex = 0; path = DinDinnFoodDeleveryUITests.xctest; sourceTree = BUILT_PRODUCTS_DIR; };
		A0342AB6252F5005008E7F47 /* DinDinnFoodDeleveryUITests.swift */ = {isa = PBXFileReference; lastKnownFileType = sourcecode.swift; path = DinDinnFoodDeleveryUITests.swift; sourceTree = "<group>"; };
		A0342AB8252F5005008E7F47 /* Info.plist */ = {isa = PBXFileReference; lastKnownFileType = text.plist.xml; path = Info.plist; sourceTree = "<group>"; };
		A0342AC8252F5933008E7F47 /* HomeViewController.xib */ = {isa = PBXFileReference; fileEncoding = 4; lastKnownFileType = file.xib; path = HomeViewController.xib; sourceTree = "<group>"; };
		A0342AC9252F5933008E7F47 /* HomeViewController.swift */ = {isa = PBXFileReference; fileEncoding = 4; lastKnownFileType = sourcecode.swift; path = HomeViewController.swift; sourceTree = "<group>"; };
		A0342ACC252F5EFB008E7F47 /* HomeConfigurator.swift */ = {isa = PBXFileReference; lastKnownFileType = sourcecode.swift; path = HomeConfigurator.swift; sourceTree = "<group>"; };
		A0342ACE252F5F61008E7F47 /* HomeScreenPresenter.swift */ = {isa = PBXFileReference; lastKnownFileType = sourcecode.swift; path = HomeScreenPresenter.swift; sourceTree = "<group>"; };
		A0342AD0252F5F94008E7F47 /* HomeScreenRouter.swift */ = {isa = PBXFileReference; lastKnownFileType = sourcecode.swift; path = HomeScreenRouter.swift; sourceTree = "<group>"; };
		A0342AD2252F641D008E7F47 /* HomeScreenInteractor.swift */ = {isa = PBXFileReference; lastKnownFileType = sourcecode.swift; path = HomeScreenInteractor.swift; sourceTree = "<group>"; };
		A0342AD4252F6E23008E7F47 /* HomeEndPoint.swift */ = {isa = PBXFileReference; lastKnownFileType = sourcecode.swift; path = HomeEndPoint.swift; sourceTree = "<group>"; };
		A0342AD6252F6E98008E7F47 /* MoyaHomeEndpoint.swift */ = {isa = PBXFileReference; lastKnownFileType = sourcecode.swift; path = MoyaHomeEndpoint.swift; sourceTree = "<group>"; };
		A0342AD8252F7030008E7F47 /* HomeScreeanDataSource.swift */ = {isa = PBXFileReference; lastKnownFileType = sourcecode.swift; path = HomeScreeanDataSource.swift; sourceTree = "<group>"; };
		A0342AE1252F7C29008E7F47 /* DefaultHomeScreenPresenter.swift */ = {isa = PBXFileReference; lastKnownFileType = sourcecode.swift; path = DefaultHomeScreenPresenter.swift; sourceTree = "<group>"; };
		A0342AE5252F7C86008E7F47 /* HomeScreenState.swift */ = {isa = PBXFileReference; lastKnownFileType = sourcecode.swift; path = HomeScreenState.swift; sourceTree = "<group>"; };
		A0342AE7252F7CA0008E7F47 /* HomeScreenData.swift */ = {isa = PBXFileReference; lastKnownFileType = sourcecode.swift; path = HomeScreenData.swift; sourceTree = "<group>"; };
		A0342AEA252F7D0C008E7F47 /* DefaultHomeScreenRouter.swift */ = {isa = PBXFileReference; lastKnownFileType = sourcecode.swift; path = DefaultHomeScreenRouter.swift; sourceTree = "<group>"; };
		A0342AEC252F7D28008E7F47 /* DefaultHomeConfigurator.swift */ = {isa = PBXFileReference; lastKnownFileType = sourcecode.swift; path = DefaultHomeConfigurator.swift; sourceTree = "<group>"; };
		A0342AEE252F7D55008E7F47 /* MockHomeDataSource.swift */ = {isa = PBXFileReference; lastKnownFileType = sourcecode.swift; path = MockHomeDataSource.swift; sourceTree = "<group>"; };
		A0342AF0252F7D7D008E7F47 /* HomeData.swift */ = {isa = PBXFileReference; lastKnownFileType = sourcecode.swift; path = HomeData.swift; sourceTree = "<group>"; };
		A0342AF2252F7DA5008E7F47 /* DefaultHomeDataSource.swift */ = {isa = PBXFileReference; lastKnownFileType = sourcecode.swift; path = DefaultHomeDataSource.swift; sourceTree = "<group>"; };
		A0C844FE252F8B9B008234F6 /* ItemUITablViewCell.swift */ = {isa = PBXFileReference; lastKnownFileType = sourcecode.swift; path = ItemUITablViewCell.swift; sourceTree = "<group>"; };
		A0C844FF252F8B9B008234F6 /* ItemUITablViewCell.xib */ = {isa = PBXFileReference; lastKnownFileType = file.xib; path = ItemUITablViewCell.xib; sourceTree = "<group>"; };
		A0C84504252F9AF8008234F6 /* HeaderView.swift */ = {isa = PBXFileReference; lastKnownFileType = sourcecode.swift; path = HeaderView.swift; sourceTree = "<group>"; };
		A0C84506252F9B08008234F6 /* HeaderView.xib */ = {isa = PBXFileReference; lastKnownFileType = file.xib; path = HeaderView.xib; sourceTree = "<group>"; };
		A0C8450A252FA0F8008234F6 /* CategoriesHeaderView.xib */ = {isa = PBXFileReference; lastKnownFileType = file.xib; path = CategoriesHeaderView.xib; sourceTree = "<group>"; };
		A0C8450C252FA10D008234F6 /* CategoriesHeaderView.swift */ = {isa = PBXFileReference; lastKnownFileType = sourcecode.swift; path = CategoriesHeaderView.swift; sourceTree = "<group>"; };
		A1915DF93A8F66C925D93E03 /* Pods_DinDinnFoodDelevery_DinDinnFoodDeleveryUITests.framework */ = {isa = PBXFileReference; explicitFileType = wrapper.framework; includeInIndex = 0; path = Pods_DinDinnFoodDelevery_DinDinnFoodDeleveryUITests.framework; sourceTree = BUILT_PRODUCTS_DIR; };
		D31589638FA3C6358D914E79 /* Pods-DinDinnFoodDeleveryTests.release.xcconfig */ = {isa = PBXFileReference; includeInIndex = 1; lastKnownFileType = text.xcconfig; name = "Pods-DinDinnFoodDeleveryTests.release.xcconfig"; path = "Target Support Files/Pods-DinDinnFoodDeleveryTests/Pods-DinDinnFoodDeleveryTests.release.xcconfig"; sourceTree = "<group>"; };
/* End PBXFileReference section */

/* Begin PBXFrameworksBuildPhase section */
		A0342A8E252F5001008E7F47 /* Frameworks */ = {
			isa = PBXFrameworksBuildPhase;
			buildActionMask = 2147483647;
			files = (
				F25478184355C81AF7BE7D38 /* Pods_DinDinnFoodDelevery.framework in Frameworks */,
			);
			runOnlyForDeploymentPostprocessing = 0;
		};
		A0342AA4252F5005008E7F47 /* Frameworks */ = {
			isa = PBXFrameworksBuildPhase;
			buildActionMask = 2147483647;
			files = (
				019A9BDF9B190DDDF6826D93 /* Pods_DinDinnFoodDeleveryTests.framework in Frameworks */,
			);
			runOnlyForDeploymentPostprocessing = 0;
		};
		A0342AAF252F5005008E7F47 /* Frameworks */ = {
			isa = PBXFrameworksBuildPhase;
			buildActionMask = 2147483647;
			files = (
				DBAC6F9DE1BD0B78F7005958 /* Pods_DinDinnFoodDelevery_DinDinnFoodDeleveryUITests.framework in Frameworks */,
			);
			runOnlyForDeploymentPostprocessing = 0;
		};
/* End PBXFrameworksBuildPhase section */

/* Begin PBXGroup section */
		034478632C4E15B239C6FE1D /* Frameworks */ = {
			isa = PBXGroup;
			children = (
				58C90A968FA8C4D2E2756C91 /* Pods_DinDinnFoodDelevery.framework */,
				A1915DF93A8F66C925D93E03 /* Pods_DinDinnFoodDelevery_DinDinnFoodDeleveryUITests.framework */,
				757EBE7403D2FC782AC9EABE /* Pods_DinDinnFoodDeleveryTests.framework */,
			);
			name = Frameworks;
			sourceTree = "<group>";
		};
		A0342A88252F5001008E7F47 = {
			isa = PBXGroup;
			children = (
				A0342A93252F5001008E7F47 /* DinDinnFoodDelevery */,
				A0342AAA252F5005008E7F47 /* DinDinnFoodDeleveryTests */,
				A0342AB5252F5005008E7F47 /* DinDinnFoodDeleveryUITests */,
				A0342A92252F5001008E7F47 /* Products */,
				DAD095B5F7375A90061FFE46 /* Pods */,
				034478632C4E15B239C6FE1D /* Frameworks */,
			);
			sourceTree = "<group>";
		};
		A0342A92252F5001008E7F47 /* Products */ = {
			isa = PBXGroup;
			children = (
				A0342A91252F5001008E7F47 /* DinDinnFoodDelevery.app */,
				A0342AA7252F5005008E7F47 /* DinDinnFoodDeleveryTests.xctest */,
				A0342AB2252F5005008E7F47 /* DinDinnFoodDeleveryUITests.xctest */,
			);
			name = Products;
			sourceTree = "<group>";
		};
		A0342A93252F5001008E7F47 /* DinDinnFoodDelevery */ = {
			isa = PBXGroup;
			children = (
				A0342A94252F5001008E7F47 /* AppDelegate.swift */,
				A0342AF4252F7DFE008E7F47 /* Home */,
				A0342A9D252F5005008E7F47 /* Assets.xcassets */,
				A0342A9F252F5005008E7F47 /* LaunchScreen.storyboard */,
				A0342AA2252F5005008E7F47 /* Info.plist */,
			);
			path = DinDinnFoodDelevery;
			sourceTree = "<group>";
		};
		A0342AAA252F5005008E7F47 /* DinDinnFoodDeleveryTests */ = {
			isa = PBXGroup;
			children = (
				A0342AAB252F5005008E7F47 /* DinDinnFoodDeleveryTests.swift */,
				A0342AAD252F5005008E7F47 /* Info.plist */,
			);
			path = DinDinnFoodDeleveryTests;
			sourceTree = "<group>";
		};
		A0342AB5252F5005008E7F47 /* DinDinnFoodDeleveryUITests */ = {
			isa = PBXGroup;
			children = (
				A0342AB6252F5005008E7F47 /* DinDinnFoodDeleveryUITests.swift */,
				A0342AB8252F5005008E7F47 /* Info.plist */,
			);
			path = DinDinnFoodDeleveryUITests;
			sourceTree = "<group>";
		};
		A0342ADA252F7B28008E7F47 /* HomeRouter */ = {
			isa = PBXGroup;
			children = (
				A0342AD0252F5F94008E7F47 /* HomeScreenRouter.swift */,
				A0342AEA252F7D0C008E7F47 /* DefaultHomeScreenRouter.swift */,
			);
			path = HomeRouter;
			sourceTree = "<group>";
		};
		A0342ADB252F7B38008E7F47 /* HomePresenter */ = {
			isa = PBXGroup;
			children = (
				A0342ACE252F5F61008E7F47 /* HomeScreenPresenter.swift */,
				A0342AE1252F7C29008E7F47 /* DefaultHomeScreenPresenter.swift */,
			);
			path = HomePresenter;
			sourceTree = "<group>";
		};
		A0342ADC252F7B58008E7F47 /* framework */ = {
			isa = PBXGroup;
			children = (
				A0342ADD252F7B68008E7F47 /* Network */,
			);
			path = framework;
			sourceTree = "<group>";
		};
		A0342ADD252F7B68008E7F47 /* Network */ = {
			isa = PBXGroup;
			children = (
				A0342AD6252F6E98008E7F47 /* MoyaHomeEndpoint.swift */,
				A0342AD8252F7030008E7F47 /* HomeScreeanDataSource.swift */,
				A0342AEE252F7D55008E7F47 /* MockHomeDataSource.swift */,
				A0342AF2252F7DA5008E7F47 /* DefaultHomeDataSource.swift */,
			);
			path = Network;
			sourceTree = "<group>";
		};
		A0342ADE252F7B97008E7F47 /* HomeView */ = {
			isa = PBXGroup;
			children = (
				A0342AC8252F5933008E7F47 /* HomeViewController.xib */,
				A0C84504252F9AF8008234F6 /* HeaderView.swift */,
				A0C8450A252FA0F8008234F6 /* CategoriesHeaderView.xib */,
				A0C84506252F9B08008234F6 /* HeaderView.xib */,
				A0C8450C252FA10D008234F6 /* CategoriesHeaderView.swift */,
				A0342AC9252F5933008E7F47 /* HomeViewController.swift */,
				A0C844FE252F8B9B008234F6 /* ItemUITablViewCell.swift */,
				A0C844FF252F8B9B008234F6 /* ItemUITablViewCell.xib */,
			);
			path = HomeView;
			sourceTree = "<group>";
		};
		A0342ADF252F7BA9008E7F47 /* HomeInteractor */ = {
			isa = PBXGroup;
			children = (
				A0342AD2252F641D008E7F47 /* HomeScreenInteractor.swift */,
			);
			path = HomeInteractor;
			sourceTree = "<group>";
		};
		A0342AE0252F7BC7008E7F47 /* HomeConfigurator */ = {
			isa = PBXGroup;
			children = (
				A0342ACC252F5EFB008E7F47 /* HomeConfigurator.swift */,
				A0342AEC252F7D28008E7F47 /* DefaultHomeConfigurator.swift */,
			);
			path = HomeConfigurator;
			sourceTree = "<group>";
		};
		A0342AE3252F7C63008E7F47 /* Entities */ = {
			isa = PBXGroup;
			children = (
				A0342AE9252F7CC8008E7F47 /* Json Entities */,
				A0342AE4252F7C6E008E7F47 /* ScreenEntities */,
			);
			path = Entities;
			sourceTree = "<group>";
		};
		A0342AE4252F7C6E008E7F47 /* ScreenEntities */ = {
			isa = PBXGroup;
			children = (
				A0342AE5252F7C86008E7F47 /* HomeScreenState.swift */,
				A0342AE7252F7CA0008E7F47 /* HomeScreenData.swift */,
			);
			path = ScreenEntities;
			sourceTree = "<group>";
		};
		A0342AE9252F7CC8008E7F47 /* Json Entities */ = {
			isa = PBXGroup;
			children = (
				A0342AF0252F7D7D008E7F47 /* HomeData.swift */,
			);
			path = "Json Entities";
			sourceTree = "<group>";
		};
		A0342AF4252F7DFE008E7F47 /* Home */ = {
			isa = PBXGroup;
			children = (
				A0342AD4252F6E23008E7F47 /* HomeEndPoint.swift */,
				A0342AE3252F7C63008E7F47 /* Entities */,
				A0342ADE252F7B97008E7F47 /* HomeView */,
				A0342ADC252F7B58008E7F47 /* framework */,
				A0342ADB252F7B38008E7F47 /* HomePresenter */,
				A0342ADF252F7BA9008E7F47 /* HomeInteractor */,
				A0342ADA252F7B28008E7F47 /* HomeRouter */,
				A0342AE0252F7BC7008E7F47 /* HomeConfigurator */,
			);
			path = Home;
			sourceTree = "<group>";
		};
		DAD095B5F7375A90061FFE46 /* Pods */ = {
			isa = PBXGroup;
			children = (
				0659EC92760AF5BB18115560 /* Pods-DinDinnFoodDelevery.debug.xcconfig */,
				92B949CD13E67F8A6688CE8C /* Pods-DinDinnFoodDelevery.release.xcconfig */,
				88B63DBFB43CEA3DE8971A12 /* Pods-DinDinnFoodDelevery-DinDinnFoodDeleveryUITests.debug.xcconfig */,
				1948F34B0C7245C9E2A1E229 /* Pods-DinDinnFoodDelevery-DinDinnFoodDeleveryUITests.release.xcconfig */,
				9552B8246D10F8BDF7B4029D /* Pods-DinDinnFoodDeleveryTests.debug.xcconfig */,
				D31589638FA3C6358D914E79 /* Pods-DinDinnFoodDeleveryTests.release.xcconfig */,
			);
			path = Pods;
			sourceTree = "<group>";
		};
/* End PBXGroup section */

/* Begin PBXNativeTarget section */
		A0342A90252F5001008E7F47 /* DinDinnFoodDelevery */ = {
			isa = PBXNativeTarget;
			buildConfigurationList = A0342ABB252F5005008E7F47 /* Build configuration list for PBXNativeTarget "DinDinnFoodDelevery" */;
			buildPhases = (
				DE61B6AEE88B1EEB5417D4A1 /* [CP] Check Pods Manifest.lock */,
				A0342A8D252F5001008E7F47 /* Sources */,
				A0342A8E252F5001008E7F47 /* Frameworks */,
				A0342A8F252F5001008E7F47 /* Resources */,
				9905C0A8FF8D0753E32EBAF1 /* [CP] Embed Pods Frameworks */,
			);
			buildRules = (
			);
			dependencies = (
			);
			name = DinDinnFoodDelevery;
			productName = DinDinnFoodDelevery;
			productReference = A0342A91252F5001008E7F47 /* DinDinnFoodDelevery.app */;
			productType = "com.apple.product-type.application";
		};
		A0342AA6252F5005008E7F47 /* DinDinnFoodDeleveryTests */ = {
			isa = PBXNativeTarget;
			buildConfigurationList = A0342ABE252F5005008E7F47 /* Build configuration list for PBXNativeTarget "DinDinnFoodDeleveryTests" */;
			buildPhases = (
				9BEFD045F5A52B8CE2CE5EC4 /* [CP] Check Pods Manifest.lock */,
				A0342AA3252F5005008E7F47 /* Sources */,
				A0342AA4252F5005008E7F47 /* Frameworks */,
				A0342AA5252F5005008E7F47 /* Resources */,
			);
			buildRules = (
			);
			dependencies = (
				A0342AA9252F5005008E7F47 /* PBXTargetDependency */,
			);
			name = DinDinnFoodDeleveryTests;
			productName = DinDinnFoodDeleveryTests;
			productReference = A0342AA7252F5005008E7F47 /* DinDinnFoodDeleveryTests.xctest */;
			productType = "com.apple.product-type.bundle.unit-test";
		};
		A0342AB1252F5005008E7F47 /* DinDinnFoodDeleveryUITests */ = {
			isa = PBXNativeTarget;
			buildConfigurationList = A0342AC1252F5005008E7F47 /* Build configuration list for PBXNativeTarget "DinDinnFoodDeleveryUITests" */;
			buildPhases = (
				062A2B8365D16AE9A857F085 /* [CP] Check Pods Manifest.lock */,
				A0342AAE252F5005008E7F47 /* Sources */,
				A0342AAF252F5005008E7F47 /* Frameworks */,
				A0342AB0252F5005008E7F47 /* Resources */,
				71182B57FC1D8C7058653992 /* [CP] Embed Pods Frameworks */,
			);
			buildRules = (
			);
			dependencies = (
				A0342AB4252F5005008E7F47 /* PBXTargetDependency */,
			);
			name = DinDinnFoodDeleveryUITests;
			productName = DinDinnFoodDeleveryUITests;
			productReference = A0342AB2252F5005008E7F47 /* DinDinnFoodDeleveryUITests.xctest */;
			productType = "com.apple.product-type.bundle.ui-testing";
		};
/* End PBXNativeTarget section */

/* Begin PBXProject section */
		A0342A89252F5001008E7F47 /* Project object */ = {
			isa = PBXProject;
			attributes = {
				LastSwiftUpdateCheck = 1150;
				LastUpgradeCheck = 1150;
				ORGANIZATIONNAME = Orcas;
				TargetAttributes = {
					A0342A90252F5001008E7F47 = {
						CreatedOnToolsVersion = 11.5;
					};
					A0342AA6252F5005008E7F47 = {
						CreatedOnToolsVersion = 11.5;
						TestTargetID = A0342A90252F5001008E7F47;
					};
					A0342AB1252F5005008E7F47 = {
						CreatedOnToolsVersion = 11.5;
						TestTargetID = A0342A90252F5001008E7F47;
					};
				};
			};
			buildConfigurationList = A0342A8C252F5001008E7F47 /* Build configuration list for PBXProject "DinDinnFoodDelevery" */;
			compatibilityVersion = "Xcode 9.3";
			developmentRegion = en;
			hasScannedForEncodings = 0;
			knownRegions = (
				en,
				Base,
			);
			mainGroup = A0342A88252F5001008E7F47;
			productRefGroup = A0342A92252F5001008E7F47 /* Products */;
			projectDirPath = "";
			projectRoot = "";
			targets = (
				A0342A90252F5001008E7F47 /* DinDinnFoodDelevery */,
				A0342AA6252F5005008E7F47 /* DinDinnFoodDeleveryTests */,
				A0342AB1252F5005008E7F47 /* DinDinnFoodDeleveryUITests */,
			);
		};
/* End PBXProject section */

/* Begin PBXResourcesBuildPhase section */
		A0342A8F252F5001008E7F47 /* Resources */ = {
			isa = PBXResourcesBuildPhase;
			buildActionMask = 2147483647;
			files = (
				A0342AA1252F5005008E7F47 /* LaunchScreen.storyboard in Resources */,
				A0C8450B252FA0F8008234F6 /* CategoriesHeaderView.xib in Resources */,
				A0C84507252F9B08008234F6 /* HeaderView.xib in Resources */,
				A0342A9E252F5005008E7F47 /* Assets.xcassets in Resources */,
				A0C84501252F8B9B008234F6 /* ItemUITablViewCell.xib in Resources */,
				A0342ACA252F5933008E7F47 /* HomeViewController.xib in Resources */,
			);
			runOnlyForDeploymentPostprocessing = 0;
		};
		A0342AA5252F5005008E7F47 /* Resources */ = {
			isa = PBXResourcesBuildPhase;
			buildActionMask = 2147483647;
			files = (
			);
			runOnlyForDeploymentPostprocessing = 0;
		};
		A0342AB0252F5005008E7F47 /* Resources */ = {
			isa = PBXResourcesBuildPhase;
			buildActionMask = 2147483647;
			files = (
			);
			runOnlyForDeploymentPostprocessing = 0;
		};
/* End PBXResourcesBuildPhase section */

/* Begin PBXShellScriptBuildPhase section */
		062A2B8365D16AE9A857F085 /* [CP] Check Pods Manifest.lock */ = {
			isa = PBXShellScriptBuildPhase;
			buildActionMask = 2147483647;
			files = (
			);
			inputFileListPaths = (
			);
			inputPaths = (
				"${PODS_PODFILE_DIR_PATH}/Podfile.lock",
				"${PODS_ROOT}/Manifest.lock",
			);
			name = "[CP] Check Pods Manifest.lock";
			outputFileListPaths = (
			);
			outputPaths = (
				"$(DERIVED_FILE_DIR)/Pods-DinDinnFoodDelevery-DinDinnFoodDeleveryUITests-checkManifestLockResult.txt",
			);
			runOnlyForDeploymentPostprocessing = 0;
			shellPath = /bin/sh;
			shellScript = "diff \"${PODS_PODFILE_DIR_PATH}/Podfile.lock\" \"${PODS_ROOT}/Manifest.lock\" > /dev/null\nif [ $? != 0 ] ; then\n    # print error to STDERR\n    echo \"error: The sandbox is not in sync with the Podfile.lock. Run 'pod install' or update your CocoaPods installation.\" >&2\n    exit 1\nfi\n# This output is used by Xcode 'outputs' to avoid re-running this script phase.\necho \"SUCCESS\" > \"${SCRIPT_OUTPUT_FILE_0}\"\n";
			showEnvVarsInLog = 0;
		};
		71182B57FC1D8C7058653992 /* [CP] Embed Pods Frameworks */ = {
			isa = PBXShellScriptBuildPhase;
			buildActionMask = 2147483647;
			files = (
			);
			inputFileListPaths = (
				"${PODS_ROOT}/Target Support Files/Pods-DinDinnFoodDelevery-DinDinnFoodDeleveryUITests/Pods-DinDinnFoodDelevery-DinDinnFoodDeleveryUITests-frameworks-${CONFIGURATION}-input-files.xcfilelist",
			);
			name = "[CP] Embed Pods Frameworks";
			outputFileListPaths = (
				"${PODS_ROOT}/Target Support Files/Pods-DinDinnFoodDelevery-DinDinnFoodDeleveryUITests/Pods-DinDinnFoodDelevery-DinDinnFoodDeleveryUITests-frameworks-${CONFIGURATION}-output-files.xcfilelist",
			);
			runOnlyForDeploymentPostprocessing = 0;
			shellPath = /bin/sh;
			shellScript = "\"${PODS_ROOT}/Target Support Files/Pods-DinDinnFoodDelevery-DinDinnFoodDeleveryUITests/Pods-DinDinnFoodDelevery-DinDinnFoodDeleveryUITests-frameworks.sh\"\n";
			showEnvVarsInLog = 0;
		};
		9905C0A8FF8D0753E32EBAF1 /* [CP] Embed Pods Frameworks */ = {
			isa = PBXShellScriptBuildPhase;
			buildActionMask = 2147483647;
			files = (
			);
			inputFileListPaths = (
				"${PODS_ROOT}/Target Support Files/Pods-DinDinnFoodDelevery/Pods-DinDinnFoodDelevery-frameworks-${CONFIGURATION}-input-files.xcfilelist",
			);
			name = "[CP] Embed Pods Frameworks";
			outputFileListPaths = (
				"${PODS_ROOT}/Target Support Files/Pods-DinDinnFoodDelevery/Pods-DinDinnFoodDelevery-frameworks-${CONFIGURATION}-output-files.xcfilelist",
			);
			runOnlyForDeploymentPostprocessing = 0;
			shellPath = /bin/sh;
			shellScript = "\"${PODS_ROOT}/Target Support Files/Pods-DinDinnFoodDelevery/Pods-DinDinnFoodDelevery-frameworks.sh\"\n";
			showEnvVarsInLog = 0;
		};
		9BEFD045F5A52B8CE2CE5EC4 /* [CP] Check Pods Manifest.lock */ = {
			isa = PBXShellScriptBuildPhase;
			buildActionMask = 2147483647;
			files = (
			);
			inputFileListPaths = (
			);
			inputPaths = (
				"${PODS_PODFILE_DIR_PATH}/Podfile.lock",
				"${PODS_ROOT}/Manifest.lock",
			);
			name = "[CP] Check Pods Manifest.lock";
			outputFileListPaths = (
			);
			outputPaths = (
				"$(DERIVED_FILE_DIR)/Pods-DinDinnFoodDeleveryTests-checkManifestLockResult.txt",
			);
			runOnlyForDeploymentPostprocessing = 0;
			shellPath = /bin/sh;
			shellScript = "diff \"${PODS_PODFILE_DIR_PATH}/Podfile.lock\" \"${PODS_ROOT}/Manifest.lock\" > /dev/null\nif [ $? != 0 ] ; then\n    # print error to STDERR\n    echo \"error: The sandbox is not in sync with the Podfile.lock. Run 'pod install' or update your CocoaPods installation.\" >&2\n    exit 1\nfi\n# This output is used by Xcode 'outputs' to avoid re-running this script phase.\necho \"SUCCESS\" > \"${SCRIPT_OUTPUT_FILE_0}\"\n";
			showEnvVarsInLog = 0;
		};
		DE61B6AEE88B1EEB5417D4A1 /* [CP] Check Pods Manifest.lock */ = {
			isa = PBXShellScriptBuildPhase;
			buildActionMask = 2147483647;
			files = (
			);
			inputFileListPaths = (
			);
			inputPaths = (
				"${PODS_PODFILE_DIR_PATH}/Podfile.lock",
				"${PODS_ROOT}/Manifest.lock",
			);
			name = "[CP] Check Pods Manifest.lock";
			outputFileListPaths = (
			);
			outputPaths = (
				"$(DERIVED_FILE_DIR)/Pods-DinDinnFoodDelevery-checkManifestLockResult.txt",
			);
			runOnlyForDeploymentPostprocessing = 0;
			shellPath = /bin/sh;
			shellScript = "diff \"${PODS_PODFILE_DIR_PATH}/Podfile.lock\" \"${PODS_ROOT}/Manifest.lock\" > /dev/null\nif [ $? != 0 ] ; then\n    # print error to STDERR\n    echo \"error: The sandbox is not in sync with the Podfile.lock. Run 'pod install' or update your CocoaPods installation.\" >&2\n    exit 1\nfi\n# This output is used by Xcode 'outputs' to avoid re-running this script phase.\necho \"SUCCESS\" > \"${SCRIPT_OUTPUT_FILE_0}\"\n";
			showEnvVarsInLog = 0;
		};
/* End PBXShellScriptBuildPhase section */

/* Begin PBXSourcesBuildPhase section */
		A0342A8D252F5001008E7F47 /* Sources */ = {
			isa = PBXSourcesBuildPhase;
			buildActionMask = 2147483647;
			files = (
				A0342ACD252F5EFB008E7F47 /* HomeConfigurator.swift in Sources */,
				A0342AED252F7D28008E7F47 /* DefaultHomeConfigurator.swift in Sources */,
				A0342AD7252F6E98008E7F47 /* MoyaHomeEndpoint.swift in Sources */,
				A0342AD9252F7030008E7F47 /* HomeScreeanDataSource.swift in Sources */,
				A0342AEB252F7D0C008E7F47 /* DefaultHomeScreenRouter.swift in Sources */,
				A0342ACF252F5F61008E7F47 /* HomeScreenPresenter.swift in Sources */,
				A0C84505252F9AF8008234F6 /* HeaderView.swift in Sources */,
				A0C84500252F8B9B008234F6 /* ItemUITablViewCell.swift in Sources */,
				A0342AE2252F7C29008E7F47 /* DefaultHomeScreenPresenter.swift in Sources */,
				A0342AF3252F7DA5008E7F47 /* DefaultHomeDataSource.swift in Sources */,
				A0342A95252F5001008E7F47 /* AppDelegate.swift in Sources */,
				A0C8450D252FA10D008234F6 /* CategoriesHeaderView.swift in Sources */,
				A0342AE8252F7CA0008E7F47 /* HomeScreenData.swift in Sources */,
				A0342AD1252F5F94008E7F47 /* HomeScreenRouter.swift in Sources */,
				A0342ACB252F5933008E7F47 /* HomeViewController.swift in Sources */,
				A0342AE6252F7C86008E7F47 /* HomeScreenState.swift in Sources */,
				A0342AF1252F7D7D008E7F47 /* HomeData.swift in Sources */,
				A0342AD5252F6E23008E7F47 /* HomeEndPoint.swift in Sources */,
				A0342AEF252F7D55008E7F47 /* MockHomeDataSource.swift in Sources */,
				A0342AD3252F641D008E7F47 /* HomeScreenInteractor.swift in Sources */,
			);
			runOnlyForDeploymentPostprocessing = 0;
		};
		A0342AA3252F5005008E7F47 /* Sources */ = {
			isa = PBXSourcesBuildPhase;
			buildActionMask = 2147483647;
			files = (
				A0342AAC252F5005008E7F47 /* DinDinnFoodDeleveryTests.swift in Sources */,
			);
			runOnlyForDeploymentPostprocessing = 0;
		};
		A0342AAE252F5005008E7F47 /* Sources */ = {
			isa = PBXSourcesBuildPhase;
			buildActionMask = 2147483647;
			files = (
				A0342AB7252F5005008E7F47 /* DinDinnFoodDeleveryUITests.swift in Sources */,
			);
			runOnlyForDeploymentPostprocessing = 0;
		};
/* End PBXSourcesBuildPhase section */

/* Begin PBXTargetDependency section */
		A0342AA9252F5005008E7F47 /* PBXTargetDependency */ = {
			isa = PBXTargetDependency;
			target = A0342A90252F5001008E7F47 /* DinDinnFoodDelevery */;
			targetProxy = A0342AA8252F5005008E7F47 /* PBXContainerItemProxy */;
		};
		A0342AB4252F5005008E7F47 /* PBXTargetDependency */ = {
			isa = PBXTargetDependency;
			target = A0342A90252F5001008E7F47 /* DinDinnFoodDelevery */;
			targetProxy = A0342AB3252F5005008E7F47 /* PBXContainerItemProxy */;
		};
/* End PBXTargetDependency section */

/* Begin PBXVariantGroup section */
		A0342A9F252F5005008E7F47 /* LaunchScreen.storyboard */ = {
			isa = PBXVariantGroup;
			children = (
				A0342AA0252F5005008E7F47 /* Base */,
			);
			name = LaunchScreen.storyboard;
			sourceTree = "<group>";
		};
/* End PBXVariantGroup section */

/* Begin XCBuildConfiguration section */
		A0342AB9252F5005008E7F47 /* Debug */ = {
			isa = XCBuildConfiguration;
			buildSettings = {
				ALWAYS_SEARCH_USER_PATHS = NO;
				CLANG_ANALYZER_NONNULL = YES;
				CLANG_ANALYZER_NUMBER_OBJECT_CONVERSION = YES_AGGRESSIVE;
				CLANG_CXX_LANGUAGE_STANDARD = "gnu++14";
				CLANG_CXX_LIBRARY = "libc++";
				CLANG_ENABLE_MODULES = YES;
				CLANG_ENABLE_OBJC_ARC = YES;
				CLANG_ENABLE_OBJC_WEAK = YES;
				CLANG_WARN_BLOCK_CAPTURE_AUTORELEASING = YES;
				CLANG_WARN_BOOL_CONVERSION = YES;
				CLANG_WARN_COMMA = YES;
				CLANG_WARN_CONSTANT_CONVERSION = YES;
				CLANG_WARN_DEPRECATED_OBJC_IMPLEMENTATIONS = YES;
				CLANG_WARN_DIRECT_OBJC_ISA_USAGE = YES_ERROR;
				CLANG_WARN_DOCUMENTATION_COMMENTS = YES;
				CLANG_WARN_EMPTY_BODY = YES;
				CLANG_WARN_ENUM_CONVERSION = YES;
				CLANG_WARN_INFINITE_RECURSION = YES;
				CLANG_WARN_INT_CONVERSION = YES;
				CLANG_WARN_NON_LITERAL_NULL_CONVERSION = YES;
				CLANG_WARN_OBJC_IMPLICIT_RETAIN_SELF = YES;
				CLANG_WARN_OBJC_LITERAL_CONVERSION = YES;
				CLANG_WARN_OBJC_ROOT_CLASS = YES_ERROR;
				CLANG_WARN_RANGE_LOOP_ANALYSIS = YES;
				CLANG_WARN_STRICT_PROTOTYPES = YES;
				CLANG_WARN_SUSPICIOUS_MOVE = YES;
				CLANG_WARN_UNGUARDED_AVAILABILITY = YES_AGGRESSIVE;
				CLANG_WARN_UNREACHABLE_CODE = YES;
				CLANG_WARN__DUPLICATE_METHOD_MATCH = YES;
				COPY_PHASE_STRIP = NO;
				DEBUG_INFORMATION_FORMAT = dwarf;
				ENABLE_STRICT_OBJC_MSGSEND = YES;
				ENABLE_TESTABILITY = YES;
				GCC_C_LANGUAGE_STANDARD = gnu11;
				GCC_DYNAMIC_NO_PIC = NO;
				GCC_NO_COMMON_BLOCKS = YES;
				GCC_OPTIMIZATION_LEVEL = 0;
				GCC_PREPROCESSOR_DEFINITIONS = (
					"DEBUG=1",
					"$(inherited)",
				);
				GCC_WARN_64_TO_32_BIT_CONVERSION = YES;
				GCC_WARN_ABOUT_RETURN_TYPE = YES_ERROR;
				GCC_WARN_UNDECLARED_SELECTOR = YES;
				GCC_WARN_UNINITIALIZED_AUTOS = YES_AGGRESSIVE;
				GCC_WARN_UNUSED_FUNCTION = YES;
				GCC_WARN_UNUSED_VARIABLE = YES;
				IPHONEOS_DEPLOYMENT_TARGET = 11.0;
				MTL_ENABLE_DEBUG_INFO = INCLUDE_SOURCE;
				MTL_FAST_MATH = YES;
				ONLY_ACTIVE_ARCH = YES;
				SDKROOT = iphoneos;
				SWIFT_ACTIVE_COMPILATION_CONDITIONS = DEBUG;
				SWIFT_OPTIMIZATION_LEVEL = "-Onone";
			};
			name = Debug;
		};
		A0342ABA252F5005008E7F47 /* Release */ = {
			isa = XCBuildConfiguration;
			buildSettings = {
				ALWAYS_SEARCH_USER_PATHS = NO;
				CLANG_ANALYZER_NONNULL = YES;
				CLANG_ANALYZER_NUMBER_OBJECT_CONVERSION = YES_AGGRESSIVE;
				CLANG_CXX_LANGUAGE_STANDARD = "gnu++14";
				CLANG_CXX_LIBRARY = "libc++";
				CLANG_ENABLE_MODULES = YES;
				CLANG_ENABLE_OBJC_ARC = YES;
				CLANG_ENABLE_OBJC_WEAK = YES;
				CLANG_WARN_BLOCK_CAPTURE_AUTORELEASING = YES;
				CLANG_WARN_BOOL_CONVERSION = YES;
				CLANG_WARN_COMMA = YES;
				CLANG_WARN_CONSTANT_CONVERSION = YES;
				CLANG_WARN_DEPRECATED_OBJC_IMPLEMENTATIONS = YES;
				CLANG_WARN_DIRECT_OBJC_ISA_USAGE = YES_ERROR;
				CLANG_WARN_DOCUMENTATION_COMMENTS = YES;
				CLANG_WARN_EMPTY_BODY = YES;
				CLANG_WARN_ENUM_CONVERSION = YES;
				CLANG_WARN_INFINITE_RECURSION = YES;
				CLANG_WARN_INT_CONVERSION = YES;
				CLANG_WARN_NON_LITERAL_NULL_CONVERSION = YES;
				CLANG_WARN_OBJC_IMPLICIT_RETAIN_SELF = YES;
				CLANG_WARN_OBJC_LITERAL_CONVERSION = YES;
				CLANG_WARN_OBJC_ROOT_CLASS = YES_ERROR;
				CLANG_WARN_RANGE_LOOP_ANALYSIS = YES;
				CLANG_WARN_STRICT_PROTOTYPES = YES;
				CLANG_WARN_SUSPICIOUS_MOVE = YES;
				CLANG_WARN_UNGUARDED_AVAILABILITY = YES_AGGRESSIVE;
				CLANG_WARN_UNREACHABLE_CODE = YES;
				CLANG_WARN__DUPLICATE_METHOD_MATCH = YES;
				COPY_PHASE_STRIP = NO;
				DEBUG_INFORMATION_FORMAT = "dwarf-with-dsym";
				ENABLE_NS_ASSERTIONS = NO;
				ENABLE_STRICT_OBJC_MSGSEND = YES;
				GCC_C_LANGUAGE_STANDARD = gnu11;
				GCC_NO_COMMON_BLOCKS = YES;
				GCC_WARN_64_TO_32_BIT_CONVERSION = YES;
				GCC_WARN_ABOUT_RETURN_TYPE = YES_ERROR;
				GCC_WARN_UNDECLARED_SELECTOR = YES;
				GCC_WARN_UNINITIALIZED_AUTOS = YES_AGGRESSIVE;
				GCC_WARN_UNUSED_FUNCTION = YES;
				GCC_WARN_UNUSED_VARIABLE = YES;
				IPHONEOS_DEPLOYMENT_TARGET = 11.0;
				MTL_ENABLE_DEBUG_INFO = NO;
				MTL_FAST_MATH = YES;
				SDKROOT = iphoneos;
				SWIFT_COMPILATION_MODE = wholemodule;
				SWIFT_OPTIMIZATION_LEVEL = "-O";
				VALIDATE_PRODUCT = YES;
			};
			name = Release;
		};
		A0342ABC252F5005008E7F47 /* Debug */ = {
			isa = XCBuildConfiguration;
			baseConfigurationReference = 0659EC92760AF5BB18115560 /* Pods-DinDinnFoodDelevery.debug.xcconfig */;
			buildSettings = {
				ASSETCATALOG_COMPILER_APPICON_NAME = AppIcon;
				CODE_SIGN_STYLE = Automatic;
				INFOPLIST_FILE = DinDinnFoodDelevery/Info.plist;
				LD_RUNPATH_SEARCH_PATHS = (
					"$(inherited)",
					"@executable_path/Frameworks",
				);
				PRODUCT_BUNDLE_IDENTIFIER = com.Orcas.OrcasUserApp.DinDinnFoodDelevery.DinDinnFoodDelevery;
				PRODUCT_NAME = "$(TARGET_NAME)";
				SWIFT_VERSION = 5.0;
				TARGETED_DEVICE_FAMILY = "1,2";
			};
			name = Debug;
		};
		A0342ABD252F5005008E7F47 /* Release */ = {
			isa = XCBuildConfiguration;
			baseConfigurationReference = 92B949CD13E67F8A6688CE8C /* Pods-DinDinnFoodDelevery.release.xcconfig */;
			buildSettings = {
				ASSETCATALOG_COMPILER_APPICON_NAME = AppIcon;
				CODE_SIGN_STYLE = Automatic;
				INFOPLIST_FILE = DinDinnFoodDelevery/Info.plist;
				LD_RUNPATH_SEARCH_PATHS = (
					"$(inherited)",
					"@executable_path/Frameworks",
				);
				PRODUCT_BUNDLE_IDENTIFIER = com.Orcas.OrcasUserApp.DinDinnFoodDelevery.DinDinnFoodDelevery;
				PRODUCT_NAME = "$(TARGET_NAME)";
				SWIFT_VERSION = 5.0;
				TARGETED_DEVICE_FAMILY = "1,2";
			};
			name = Release;
		};
		A0342ABF252F5005008E7F47 /* Debug */ = {
			isa = XCBuildConfiguration;
			baseConfigurationReference = 9552B8246D10F8BDF7B4029D /* Pods-DinDinnFoodDeleveryTests.debug.xcconfig */;
			buildSettings = {
				ALWAYS_EMBED_SWIFT_STANDARD_LIBRARIES = YES;
				BUNDLE_LOADER = "$(TEST_HOST)";
				CODE_SIGN_STYLE = Automatic;
				INFOPLIST_FILE = DinDinnFoodDeleveryTests/Info.plist;
				IPHONEOS_DEPLOYMENT_TARGET = 13.5;
				LD_RUNPATH_SEARCH_PATHS = (
					"$(inherited)",
					"@executable_path/Frameworks",
					"@loader_path/Frameworks",
				);
				PRODUCT_BUNDLE_IDENTIFIER = com.Orcas.OrcasUserApp.DinDinnFoodDelevery.DinDinnFoodDeleveryTests;
				PRODUCT_NAME = "$(TARGET_NAME)";
				SWIFT_VERSION = 5.0;
				TARGETED_DEVICE_FAMILY = "1,2";
				TEST_HOST = "$(BUILT_PRODUCTS_DIR)/DinDinnFoodDelevery.app/DinDinnFoodDelevery";
			};
			name = Debug;
		};
		A0342AC0252F5005008E7F47 /* Release */ = {
			isa = XCBuildConfiguration;
			baseConfigurationReference = D31589638FA3C6358D914E79 /* Pods-DinDinnFoodDeleveryTests.release.xcconfig */;
			buildSettings = {
				ALWAYS_EMBED_SWIFT_STANDARD_LIBRARIES = YES;
				BUNDLE_LOADER = "$(TEST_HOST)";
				CODE_SIGN_STYLE = Automatic;
				INFOPLIST_FILE = DinDinnFoodDeleveryTests/Info.plist;
				IPHONEOS_DEPLOYMENT_TARGET = 13.5;
				LD_RUNPATH_SEARCH_PATHS = (
					"$(inherited)",
					"@executable_path/Frameworks",
					"@loader_path/Frameworks",
				);
				PRODUCT_BUNDLE_IDENTIFIER = com.Orcas.OrcasUserApp.DinDinnFoodDelevery.DinDinnFoodDeleveryTests;
				PRODUCT_NAME = "$(TARGET_NAME)";
				SWIFT_VERSION = 5.0;
				TARGETED_DEVICE_FAMILY = "1,2";
				TEST_HOST = "$(BUILT_PRODUCTS_DIR)/DinDinnFoodDelevery.app/DinDinnFoodDelevery";
			};
			name = Release;
		};
		A0342AC2252F5005008E7F47 /* Debug */ = {
			isa = XCBuildConfiguration;
			baseConfigurationReference = 88B63DBFB43CEA3DE8971A12 /* Pods-DinDinnFoodDelevery-DinDinnFoodDeleveryUITests.debug.xcconfig */;
			buildSettings = {
				ALWAYS_EMBED_SWIFT_STANDARD_LIBRARIES = YES;
				CODE_SIGN_STYLE = Automatic;
				INFOPLIST_FILE = DinDinnFoodDeleveryUITests/Info.plist;
				LD_RUNPATH_SEARCH_PATHS = (
					"$(inherited)",
					"@executable_path/Frameworks",
					"@loader_path/Frameworks",
				);
				PRODUCT_BUNDLE_IDENTIFIER = com.Orcas.OrcasUserApp.DinDinnFoodDelevery.DinDinnFoodDeleveryUITests;
				PRODUCT_NAME = "$(TARGET_NAME)";
				SWIFT_VERSION = 5.0;
				TARGETED_DEVICE_FAMILY = "1,2";
				TEST_TARGET_NAME = DinDinnFoodDelevery;
			};
			name = Debug;
		};
		A0342AC3252F5005008E7F47 /* Release */ = {
			isa = XCBuildConfiguration;
			baseConfigurationReference = 1948F34B0C7245C9E2A1E229 /* Pods-DinDinnFoodDelevery-DinDinnFoodDeleveryUITests.release.xcconfig */;
			buildSettings = {
				ALWAYS_EMBED_SWIFT_STANDARD_LIBRARIES = YES;
				CODE_SIGN_STYLE = Automatic;
				INFOPLIST_FILE = DinDinnFoodDeleveryUITests/Info.plist;
				LD_RUNPATH_SEARCH_PATHS = (
					"$(inherited)",
					"@executable_path/Frameworks",
					"@loader_path/Frameworks",
				);
				PRODUCT_BUNDLE_IDENTIFIER = com.Orcas.OrcasUserApp.DinDinnFoodDelevery.DinDinnFoodDeleveryUITests;
				PRODUCT_NAME = "$(TARGET_NAME)";
				SWIFT_VERSION = 5.0;
				TARGETED_DEVICE_FAMILY = "1,2";
				TEST_TARGET_NAME = DinDinnFoodDelevery;
			};
			name = Release;
		};
/* End XCBuildConfiguration section */

/* Begin XCConfigurationList section */
		A0342A8C252F5001008E7F47 /* Build configuration list for PBXProject "DinDinnFoodDelevery" */ = {
			isa = XCConfigurationList;
			buildConfigurations = (
				A0342AB9252F5005008E7F47 /* Debug */,
				A0342ABA252F5005008E7F47 /* Release */,
			);
			defaultConfigurationIsVisible = 0;
			defaultConfigurationName = Release;
		};
		A0342ABB252F5005008E7F47 /* Build configuration list for PBXNativeTarget "DinDinnFoodDelevery" */ = {
			isa = XCConfigurationList;
			buildConfigurations = (
				A0342ABC252F5005008E7F47 /* Debug */,
				A0342ABD252F5005008E7F47 /* Release */,
			);
			defaultConfigurationIsVisible = 0;
			defaultConfigurationName = Release;
		};
		A0342ABE252F5005008E7F47 /* Build configuration list for PBXNativeTarget "DinDinnFoodDeleveryTests" */ = {
			isa = XCConfigurationList;
			buildConfigurations = (
				A0342ABF252F5005008E7F47 /* Debug */,
				A0342AC0252F5005008E7F47 /* Release */,
			);
			defaultConfigurationIsVisible = 0;
			defaultConfigurationName = Release;
		};
		A0342AC1252F5005008E7F47 /* Build configuration list for PBXNativeTarget "DinDinnFoodDeleveryUITests" */ = {
			isa = XCConfigurationList;
			buildConfigurations = (
				A0342AC2252F5005008E7F47 /* Debug */,
				A0342AC3252F5005008E7F47 /* Release */,
			);
			defaultConfigurationIsVisible = 0;
			defaultConfigurationName = Release;
		};
/* End XCConfigurationList section */
	};
	rootObject = A0342A89252F5001008E7F47 /* Project object */;
}
